
Microsoft Visual Studio Solution File, Format Version 12.00
# Visual Studio Version 16
VisualStudioVersion = 25.0.1705.2
MinimumVisualStudioVersion = 10.0.40219.1
Project("{FAE04EC0-301F-11D3-BF4B-00C04F79EFBC}") = "Mission12_chanse99", "Mission12_chanse99.csproj", "{F42B65D4-BD1D-4671-B77B-DE5C7BBD1B43}"
EndProject
Global
	GlobalSection(SolutionConfigurationPlatforms) = preSolution
		Debug|Any CPU = Debug|Any CPU
		Release|Any CPU = Release|Any CPU
	EndGlobalSection
	GlobalSection(ProjectConfigurationPlatforms) = postSolution
		{F42B65D4-BD1D-4671-B77B-DE5C7BBD1B43}.Debug|Any CPU.ActiveCfg = Debug|Any CPU
		{F42B65D4-BD1D-4671-B77B-DE5C7BBD1B43}.Debug|Any CPU.Build.0 = Debug|Any CPU
		{F42B65D4-BD1D-4671-B77B-DE5C7BBD1B43}.Release|Any CPU.ActiveCfg = Release|Any CPU
		{F42B65D4-BD1D-4671-B77B-DE5C7BBD1B43}.Release|Any CPU.Build.0 = Release|Any CPU
	EndGlobalSection
	GlobalSection(SolutionProperties) = preSolution
		HideSolutionNode = FALSE
	EndGlobalSection
	GlobalSection(ExtensibilityGlobals) = postSolution
		SolutionGuid = {EE53A692-70B2-4194-A8C0-6B3C8C11B525}
	EndGlobalSection
EndGlobal
